
Microsoft Visual Studio Solution File, Format Version 12.00
# Visual Studio Version 16
VisualStudioVersion = 16.0.31205.134
MinimumVisualStudioVersion = 10.0.40219.1
Project("{FAE04EC0-301F-11D3-BF4B-00C04F79EFBC}") = "PasswordSafeXAML", "PasswordSafeXAML\PasswordSafeXAML.csproj", "{C6C58C27-0DC3-477A-9ACE-B5E8BC25D869}"
EndProject
Global
	GlobalSection(SolutionConfigurationPlatforms) = preSolution
		Debug|Any CPU = Debug|Any CPU
		Release|Any CPU = Release|Any CPU
	EndGlobalSection
	GlobalSection(ProjectConfigurationPlatforms) = postSolution
		{C6C58C27-0DC3-477A-9ACE-B5E8BC25D869}.Debug|Any CPU.ActiveCfg = Debug|Any CPU
		{C6C58C27-0DC3-477A-9ACE-B5E8BC25D869}.Debug|Any CPU.Build.0 = Debug|Any CPU
		{C6C58C27-0DC3-477A-9ACE-B5E8BC25D869}.Release|Any CPU.ActiveCfg = Release|Any CPU
		{C6C58C27-0DC3-477A-9ACE-B5E8BC25D869}.Release|Any CPU.Build.0 = Release|Any CPU
	EndGlobalSection
	GlobalSection(SolutionProperties) = preSolution
		HideSolutionNode = FALSE
	EndGlobalSection
	GlobalSection(ExtensibilityGlobals) = postSolution
		SolutionGuid = {E8EA84F6-F83F-4D89-B33F-45D618D1E7DE}
	EndGlobalSection
EndGlobal
